
Microsoft Visual Studio Solution File, Format Version 12.00
# Visual Studio Version 16
VisualStudioVersion = 16.0.29411.108
MinimumVisualStudioVersion = 10.0.40219.1
Project("{FAE04EC0-301F-11D3-BF4B-00C04F79EFBC}") = "HipHoppidy", "HipHoppidy\HipHoppidy.csproj", "{9CA580B4-CD85-4382-8DA2-0FF03D9AEBCF}"
EndProject
Global
	GlobalSection(SolutionConfigurationPlatforms) = preSolution
		Debug|Any CPU = Debug|Any CPU
		Release|Any CPU = Release|Any CPU
	EndGlobalSection
	GlobalSection(ProjectConfigurationPlatforms) = postSolution
		{9CA580B4-CD85-4382-8DA2-0FF03D9AEBCF}.Debug|Any CPU.ActiveCfg = Debug|Any CPU
		{9CA580B4-CD85-4382-8DA2-0FF03D9AEBCF}.Debug|Any CPU.Build.0 = Debug|Any CPU
		{9CA580B4-CD85-4382-8DA2-0FF03D9AEBCF}.Release|Any CPU.ActiveCfg = Release|Any CPU
		{9CA580B4-CD85-4382-8DA2-0FF03D9AEBCF}.Release|Any CPU.Build.0 = Release|Any CPU
	EndGlobalSection
	GlobalSection(SolutionProperties) = preSolution
		HideSolutionNode = FALSE
	EndGlobalSection
	GlobalSection(ExtensibilityGlobals) = postSolution
		SolutionGuid = {ABE60737-C4AD-42C3-B068-6163A01B9D92}
	EndGlobalSection
EndGlobal
